{
  "name": "nada-records-techno-store",
  "version": "1.0.0",
  "lockfileVersion": 3,
  "requires": true,
  "packages": {
    "": {
      "name": "nada-records-techno-store",
      "version": "1.0.0",
      "license": "MIT",
      "dependencies": {
        "@flags-sdk/statsig": "^0.2.2",
        "@statsig/react-bindings": "^3.24.4",
        "@statsig/session-replay": "^3.24.4",
        "@statsig/web-analytics": "^3.24.4",
        "@vercel/analytics": "^1.5.0",
        "flags": "^4.0.1"
      },
      "engines": {
        "node": ">=18.0.0"
      }
    },
    "node_modules/@edge-runtime/cookies": {
      "version": "5.0.2",
      "resolved": "https://registry.npmjs.org/@edge-runtime/cookies/-/cookies-5.0.2.tgz",
      "integrity": "sha512-Sd8LcWpZk/SWEeKGE8LT6gMm5MGfX/wm+GPnh1eBEtCpya3vYqn37wYknwAHw92ONoyyREl1hJwxV/Qx2DWNOg==",
      "license": "MIT",
      "engines": {
        "node": ">=16"
      }
    },
    "node_modules/@flags-sdk/statsig": {
      "version": "0.2.2",
      "resolved": "https://registry.npmjs.org/@flags-sdk/statsig/-/statsig-0.2.2.tgz",
      "integrity": "sha512-E3QNuKvVerW7B0z8Jb/tIyiejniKP193D5HB7oWquXWGCcNDEQ7YNuODX+MpPwVf8nLkqvVSTHFyH5eEacUYFQ==",
      "license": "MIT",
      "dependencies": {
        "@vercel/edge-config": "^1.2.0",
        "@vercel/functions": "^1.5.2",
        "statsig-node-lite": "^0.4.2",
        "statsig-node-vercel": "^0.7.0"
      }
    },
    "node_modules/@rrweb/types": {
      "version": "2.0.0-alpha.18",
      "resolved": "https://registry.npmjs.org/@rrweb/types/-/types-2.0.0-alpha.18.tgz",
      "integrity": "sha512-iMH3amHthJZ9x3gGmBPmdfim7wLGygC2GciIkw2A6SO8giSn8PHYtRT8OKNH4V+k3SZ6RSnYHcTQxBA7pSWZ3Q==",
      "license": "MIT"
    },
    "node_modules/@statsig/client-core": {
      "version": "3.24.4",
      "resolved": "https://registry.npmjs.org/@statsig/client-core/-/client-core-3.24.4.tgz",
      "integrity": "sha512-MnECJMfcl/OxBwzRZc/qM5tD2STdKI48gj4JPinqqXxhR6+XY0g+a7XPKU5J+D9RdgoDjnSmy+B9PYThQFH0kQ==",
      "license": "ISC"
    },
    "node_modules/@statsig/js-client": {
      "version": "3.24.4",
      "resolved": "https://registry.npmjs.org/@statsig/js-client/-/js-client-3.24.4.tgz",
      "integrity": "sha512-H7OdO/KvXp63hFAYNdfNfkaiH6RGMJ6TyDlQrltoHHWJS6WLTEuJJfljzwRvausjEetcLcU35P0osLSTBRQWrg==",
      "license": "ISC",
      "dependencies": {
        "@statsig/client-core": "3.24.4"
      }
    },
    "node_modules/@statsig/react-bindings": {
      "version": "3.24.4",
      "resolved": "https://registry.npmjs.org/@statsig/react-bindings/-/react-bindings-3.24.4.tgz",
      "integrity": "sha512-iqHpYVDEOD1pco+hNry2NQNS2gWNyf2Ju3pBOuO7Dj+Q8swNBPWVQ6Rt4dvsoAkK/KeJlUo+iAjdl5ElAeDzfA==",
      "license": "ISC",
      "dependencies": {
        "@statsig/client-core": "3.24.4",
        "@statsig/js-client": "3.24.4"
      },
      "peerDependencies": {
        "react": "^16.6.3 || ^17.0.0 || ^18.0.0 || ^19.0.0"
      }
    },
    "node_modules/@statsig/session-replay": {
      "version": "3.24.4",
      "resolved": "https://registry.npmjs.org/@statsig/session-replay/-/session-replay-3.24.4.tgz",
      "integrity": "sha512-Q38kXYmNTaXaSfxeuEFgJH5ub8SX4mhR1yggnhi4ORSODIMxhPs59VmkLfEmfClmHisUgTVK0l5W1nT1vxVyzQ==",
      "license": "ISC",
      "dependencies": {
        "@statsig/client-core": "3.24.4",
        "rrweb": "2.0.0-alpha.14"
      }
    },
    "node_modules/@statsig/web-analytics": {
      "version": "3.24.4",
      "resolved": "https://registry.npmjs.org/@statsig/web-analytics/-/web-analytics-3.24.4.tgz",
      "integrity": "sha512-kROq8MtWglKpbVOOweZW1B+CA7+M5/8W/T27a6Sxo19ApcXImb1hPFbZbnDtJNDNLdc9zs2GXafNYdxFScAUfA==",
      "license": "ISC",
      "dependencies": {
        "@statsig/client-core": "3.24.4",
        "@statsig/js-client": "3.24.4",
        "web-vitals": "5.0.3"
      }
    },
    "node_modules/@types/css-font-loading-module": {
      "version": "0.0.7",
      "resolved": "https://registry.npmjs.org/@types/css-font-loading-module/-/css-font-loading-module-0.0.7.tgz",
      "integrity": "sha512-nl09VhutdjINdWyXxHWN/w9zlNCfr60JUqJbd24YXUuCwgeL0TpFSdElCwb6cxfB6ybE19Gjj4g0jsgkXxKv1Q==",
      "license": "MIT"
    },
    "node_modules/@vercel/analytics": {
      "version": "1.5.0",
      "resolved": "https://registry.npmjs.org/@vercel/analytics/-/analytics-1.5.0.tgz",
      "integrity": "sha512-MYsBzfPki4gthY5HnYN7jgInhAZ7Ac1cYDoRWFomwGHWEX7odTEzbtg9kf/QSo7XEsEAqlQugA6gJ2WS2DEa3g==",
      "license": "MPL-2.0",
      "peerDependencies": {
        "@remix-run/react": "^2",
        "@sveltejs/kit": "^1 || ^2",
        "next": ">= 13",
        "react": "^18 || ^19 || ^19.0.0-rc",
        "svelte": ">= 4",
        "vue": "^3",
        "vue-router": "^4"
      },
      "peerDependenciesMeta": {
        "@remix-run/react": {
          "optional": true
        },
        "@sveltejs/kit": {
          "optional": true
        },
        "next": {
          "optional": true
        },
        "react": {
          "optional": true
        },
        "svelte": {
          "optional": true
        },
        "vue": {
          "optional": true
        },
        "vue-router": {
          "optional": true
        }
      }
    },
    "node_modules/@vercel/edge-config": {
      "version": "1.4.0",
      "resolved": "https://registry.npmjs.org/@vercel/edge-config/-/edge-config-1.4.0.tgz",
      "integrity": "sha512-69Wg5gw9DzwnyUmnjToSeLRm1nm8mCPgN0kflX8EHRHyqvzH80wPem5A8rI2LXPb2Y9tJNoqN3vXPcQhS2Wh5g==",
      "license": "Apache-2.0",
      "dependencies": {
        "@vercel/edge-config-fs": "0.1.0"
      },
      "engines": {
        "node": ">=14.6"
      },
      "peerDependencies": {
        "@opentelemetry/api": "^1.7.0"
      },
      "peerDependenciesMeta": {
        "@opentelemetry/api": {
          "optional": true
        }
      }
    },
    "node_modules/@vercel/edge-config-fs": {
      "version": "0.1.0",
      "resolved": "https://registry.npmjs.org/@vercel/edge-config-fs/-/edge-config-fs-0.1.0.tgz",
      "integrity": "sha512-NRIBwfcS0bUoUbRWlNGetqjvLSwgYH/BqKqDN7vK1g32p7dN96k0712COgaz6VFizAm9b0g6IG6hR6+hc0KCPg==",
      "license": "Apache-2.0"
    },
    "node_modules/@vercel/functions": {
      "version": "1.6.0",
      "resolved": "https://registry.npmjs.org/@vercel/functions/-/functions-1.6.0.tgz",
      "integrity": "sha512-R6FKQrYT5MZs5IE1SqeCJWxMuBdHawFcCZboKKw8p7s+6/mcd55Gx6tWmyKnQTyrSEA04NH73Tc9CbqpEle8RA==",
      "license": "Apache-2.0",
      "engines": {
        "node": ">= 16"
      },
      "peerDependencies": {
        "@aws-sdk/credential-provider-web-identity": "*"
      },
      "peerDependenciesMeta": {
        "@aws-sdk/credential-provider-web-identity": {
          "optional": true
        }
      }
    },
    "node_modules/@xstate/fsm": {
      "version": "1.6.5",
      "resolved": "https://registry.npmjs.org/@xstate/fsm/-/fsm-1.6.5.tgz",
      "integrity": "sha512-b5o1I6aLNeYlU/3CPlj/Z91ybk1gUsKT+5NAJI+2W4UjvS5KLG28K9v5UvNoFVjHV8PajVZ00RH3vnjyQO7ZAw==",
      "license": "MIT"
    },
    "node_modules/base64-arraybuffer": {
      "version": "1.0.2",
      "resolved": "https://registry.npmjs.org/base64-arraybuffer/-/base64-arraybuffer-1.0.2.tgz",
      "integrity": "sha512-I3yl4r9QB5ZRY3XuJVEPfc2XhZO6YweFPI+UovAzn+8/hb3oJ6lnysaFcjVpkCPfVWFUDvoZ8kmVDP7WyRtYtQ==",
      "license": "MIT",
      "engines": {
        "node": ">= 0.6.0"
      }
    },
    "node_modules/fflate": {
      "version": "0.4.8",
      "resolved": "https://registry.npmjs.org/fflate/-/fflate-0.4.8.tgz",
      "integrity": "sha512-FJqqoDBR00Mdj9ppamLa/Y7vxm+PRmNWA67N846RvsoYVMKB4q3y/de5PA7gUmRMYK/8CMz2GDZQmCRN1wBcWA==",
      "license": "MIT"
    },
    "node_modules/flags": {
      "version": "4.0.1",
      "resolved": "https://registry.npmjs.org/flags/-/flags-4.0.1.tgz",
      "integrity": "sha512-nJNY97LoI+BDNCSnGIEvBAxYkRYeRuMZ3KtdjCj60quGH3cnyjnSQfw9vB/kvb3+wAtdn2sm5t+jO6dy5tpi1w==",
      "license": "MIT",
      "dependencies": {
        "@edge-runtime/cookies": "^5.0.2",
        "jose": "^5.2.1"
      },
      "peerDependencies": {
        "@opentelemetry/api": "^1.7.0",
        "@sveltejs/kit": "*",
        "next": "*",
        "react": "*",
        "react-dom": "*"
      },
      "peerDependenciesMeta": {
        "@opentelemetry/api": {
          "optional": true
        },
        "@sveltejs/kit": {
          "optional": true
        },
        "next": {
          "optional": true
        },
        "react": {
          "optional": true
        },
        "react-dom": {
          "optional": true
        }
      }
    },
    "node_modules/jose": {
      "version": "5.10.0",
      "resolved": "https://registry.npmjs.org/jose/-/jose-5.10.0.tgz",
      "integrity": "sha512-s+3Al/p9g32Iq+oqXxkW//7jk2Vig6FF1CFqzVXoTUXt2qz89YWbL+OwS17NFYEvxC35n0FKeGO2LGYSxeM2Gg==",
      "license": "MIT",
      "funding": {
        "url": "https://github.com/sponsors/panva"
      }
    },
    "node_modules/mitt": {
      "version": "3.0.1",
      "resolved": "https://registry.npmjs.org/mitt/-/mitt-3.0.1.tgz",
      "integrity": "sha512-vKivATfr97l2/QBCYAkXYDbrIWPM2IIKEl7YPhjCvKlG3kE2gm+uBo6nEXK3M5/Ffh/FLpKExzOQ3JJoJGFKBw==",
      "license": "MIT"
    },
    "node_modules/nanoid": {
      "version": "3.3.11",
      "resolved": "https://registry.npmjs.org/nanoid/-/nanoid-3.3.11.tgz",
      "integrity": "sha512-N8SpfPUnUp1bK+PMYW8qSWdl9U+wwNWI4QKxOYDy9JAro3WMX7p2OeVRF9v+347pnakNevPmiHhNmZ2HbFA76w==",
      "funding": [
        {
          "type": "github",
          "url": "https://github.com/sponsors/ai"
        }
      ],
      "license": "MIT",
      "bin": {
        "nanoid": "bin/nanoid.cjs"
      },
      "engines": {
        "node": "^10 || ^12 || ^13.7 || ^14 || >=15.0.1"
      }
    },
    "node_modules/node-fetch": {
      "version": "2.7.0",
      "resolved": "https://registry.npmjs.org/node-fetch/-/node-fetch-2.7.0.tgz",
      "integrity": "sha512-c4FRfUm/dbcWZ7U+1Wq0AwCyFL+3nt2bEw05wfxSz+DWpWsitgmSgYmy2dQdWyKC1694ELPqMs/YzUSNozLt8A==",
      "license": "MIT",
      "dependencies": {
        "whatwg-url": "^5.0.0"
      },
      "engines": {
        "node": "4.x || >=6.0.0"
      },
      "peerDependencies": {
        "encoding": "^0.1.0"
      },
      "peerDependenciesMeta": {
        "encoding": {
          "optional": true
        }
      }
    },
    "node_modules/picocolors": {
      "version": "1.1.1",
      "resolved": "https://registry.npmjs.org/picocolors/-/picocolors-1.1.1.tgz",
      "integrity": "sha512-xceH2snhtb5M9liqDsmEw56le376mTZkEX/jEb/RxNFyegNul7eNslCXP9FDj/Lcu0X8KEyMceP2ntpaHrDEVA==",
      "license": "ISC"
    },
    "node_modules/postcss": {
      "version": "8.5.6",
      "resolved": "https://registry.npmjs.org/postcss/-/postcss-8.5.6.tgz",
      "integrity": "sha512-3Ybi1tAuwAP9s0r1UQ2J4n5Y0G05bJkpUIO0/bI9MhwmD70S5aTWbXGBwxHrelT+XM1k6dM0pk+SwNkpTRN7Pg==",
      "funding": [
        {
          "type": "opencollective",
          "url": "https://opencollective.com/postcss/"
        },
        {
          "type": "tidelift",
          "url": "https://tidelift.com/funding/github/npm/postcss"
        },
        {
          "type": "github",
          "url": "https://github.com/sponsors/ai"
        }
      ],
      "license": "MIT",
      "dependencies": {
        "nanoid": "^3.3.11",
        "picocolors": "^1.1.1",
        "source-map-js": "^1.2.1"
      },
      "engines": {
        "node": "^10 || ^12 || >=14"
      }
    },
    "node_modules/react": {
      "version": "19.1.1",
      "resolved": "https://registry.npmjs.org/react/-/react-19.1.1.tgz",
      "integrity": "sha512-w8nqGImo45dmMIfljjMwOGtbmC/mk4CMYhWIicdSflH91J9TyCyczcPFXJzrZ/ZXcgGRFeP6BU0BEJTw6tZdfQ==",
      "license": "MIT",
      "peer": true,
      "engines": {
        "node": ">=0.10.0"
      }
    },
    "node_modules/rrdom": {
      "version": "2.0.0-alpha.18",
      "resolved": "https://registry.npmjs.org/rrdom/-/rrdom-2.0.0-alpha.18.tgz",
      "integrity": "sha512-fSFzFFxbqAViITyYVA4Z0o5G6p1nEqEr/N8vdgSKie9Rn0FJxDSNJgjV0yiCIzcDs0QR+hpvgFhpbdZ6JIr5Nw==",
      "license": "MIT",
      "dependencies": {
        "rrweb-snapshot": "^2.0.0-alpha.18"
      }
    },
    "node_modules/rrweb": {
      "version": "2.0.0-alpha.14",
      "resolved": "https://registry.npmjs.org/rrweb/-/rrweb-2.0.0-alpha.14.tgz",
      "integrity": "sha512-Eoeok9B9+6IUFPqMozOlJwddXi+ePFHXWkoAPZ72/EdvgMKaQ/CIfDBuZXXxcfJMF/s7ZxkwROsME3i5Gyxt3Q==",
      "license": "MIT",
      "dependencies": {
        "@rrweb/types": "^2.0.0-alpha.14",
        "@types/css-font-loading-module": "0.0.7",
        "@xstate/fsm": "^1.4.0",
        "base64-arraybuffer": "^1.0.1",
        "fflate": "^0.4.4",
        "mitt": "^3.0.0",
        "rrdom": "^2.0.0-alpha.14",
        "rrweb-snapshot": "^2.0.0-alpha.14"
      }
    },
    "node_modules/rrweb-snapshot": {
      "version": "2.0.0-alpha.18",
      "resolved": "https://registry.npmjs.org/rrweb-snapshot/-/rrweb-snapshot-2.0.0-alpha.18.tgz",
      "integrity": "sha512-hBHZL/NfgQX6wO1D9mpwqFu1NJPpim+moIcKhFEjVTZVRUfCln+LOugRc4teVTCISYHN8Cw5e2iNTWCSm+SkoA==",
      "license": "MIT",
      "dependencies": {
        "postcss": "^8.4.38"
      }
    },
    "node_modules/source-map-js": {
      "version": "1.2.1",
      "resolved": "https://registry.npmjs.org/source-map-js/-/source-map-js-1.2.1.tgz",
      "integrity": "sha512-UXWMKhLOwVKb728IUtQPXxfYU+usdybtUrK/8uGE8CQMvrhOpwvzDBwj0QhSL7MQc7vIsISBG8VQ8+IDQxpfQA==",
      "license": "BSD-3-Clause",
      "engines": {
        "node": ">=0.10.0"
      }
    },
    "node_modules/statsig-node-lite": {
      "version": "0.4.4",
      "resolved": "https://registry.npmjs.org/statsig-node-lite/-/statsig-node-lite-0.4.4.tgz",
      "integrity": "sha512-2jpkawGAEf2OS5mjay0x4JxdVqrhu7FbHx8dcjvo20aA2uaKyqsCyUn4TvFRgUmNpXmZ+OaNptda7ehs4vdZFg==",
      "license": "ISC",
      "dependencies": {
        "node-fetch": "^2.6.7",
        "ua-parser-js": "^1.0.33",
        "uuid": "^8.3.2"
      }
    },
    "node_modules/statsig-node-vercel": {
      "version": "0.7.0",
      "resolved": "https://registry.npmjs.org/statsig-node-vercel/-/statsig-node-vercel-0.7.0.tgz",
      "integrity": "sha512-TNcJm2yZep6qdPE4A6FFQgSZRDNasp50oUXH96feBTUUYVmZl6NryQ0Gy9NXWmUi5e29IYWNansD4WSVVYi7XA==",
      "license": "ISC",
      "dependencies": {
        "statsig-node-lite": "^0.4.2"
      },
      "peerDependencies": {
        "@vercel/edge-config": "^1.0.0"
      }
    },
    "node_modules/tr46": {
      "version": "0.0.3",
      "resolved": "https://registry.npmjs.org/tr46/-/tr46-0.0.3.tgz",
      "integrity": "sha512-N3WMsuqV66lT30CrXNbEjx4GEwlow3v6rr4mCcv6prnfwhS01rkgyFdjPNBYd9br7LpXV1+Emh01fHnq2Gdgrw==",
      "license": "MIT"
    },
    "node_modules/ua-parser-js": {
      "version": "1.0.41",
      "resolved": "https://registry.npmjs.org/ua-parser-js/-/ua-parser-js-1.0.41.tgz",
      "integrity": "sha512-LbBDqdIC5s8iROCUjMbW1f5dJQTEFB1+KO9ogbvlb3nm9n4YHa5p4KTvFPWvh2Hs8gZMBuiB1/8+pdfe/tDPug==",
      "funding": [
        {
          "type": "opencollective",
          "url": "https://opencollective.com/ua-parser-js"
        },
        {
          "type": "paypal",
          "url": "https://paypal.me/faisalman"
        },
        {
          "type": "github",
          "url": "https://github.com/sponsors/faisalman"
        }
      ],
      "license": "MIT",
      "bin": {
        "ua-parser-js": "script/cli.js"
      },
      "engines": {
        "node": "*"
      }
    },
    "node_modules/uuid": {
      "version": "8.3.2",
      "resolved": "https://registry.npmjs.org/uuid/-/uuid-8.3.2.tgz",
      "integrity": "sha512-+NYs2QeMWy+GWFOEm9xnn6HCDp0l7QBD7ml8zLUmJ+93Q5NF0NocErnwkTkXVFNiX3/fpC6afS8Dhb/gz7R7eg==",
      "license": "MIT",
      "bin": {
        "uuid": "dist/bin/uuid"
      }
    },
    "node_modules/web-vitals": {
      "version": "5.0.3",
      "resolved": "https://registry.npmjs.org/web-vitals/-/web-vitals-5.0.3.tgz",
      "integrity": "sha512-4KmOFYxj7qT6RAdCH0SWwq8eKeXNhAFXR4PmgF6nrWFmrJ41n7lq3UCA6UK0GebQ4uu+XP8e8zGjaDO3wZlqTg==",
      "license": "Apache-2.0"
    },
    "node_modules/webidl-conversions": {
      "version": "3.0.1",
      "resolved": "https://registry.npmjs.org/webidl-conversions/-/webidl-conversions-3.0.1.tgz",
      "integrity": "sha512-2JAn3z8AR6rjK8Sm8orRC0h/bcl/DqL7tRPdGZ4I1CjdF+EaMLmYxBHyXuKL849eucPFhvBoxMsflfOb8kxaeQ==",
      "license": "BSD-2-Clause"
    },
    "node_modules/whatwg-url": {
      "version": "5.0.0",
      "resolved": "https://registry.npmjs.org/whatwg-url/-/whatwg-url-5.0.0.tgz",
      "integrity": "sha512-saE57nupxk6v3HY35+jzBwYa0rKSy0XR8JSxZPwgLr7ys0IBzhGviA1/TUGJLmSVqs8pb9AnvICXEuOHLprYTw==",
      "license": "MIT",
      "dependencies": {
        "tr46": "~0.0.3",
        "webidl-conversions": "^3.0.0"
      }
    }
  }
}
